{
  "name": "@cobra/utils",
  "version": "1.0.0",
  "lockfileVersion": 2,
  "requires": true,
  "packages": {
    "": {
      "name": "@cobra/utils",
      "version": "1.0.0",
      "license": "ISC",
      "dependencies": {
        "lodash-es": "^4.17.21"
      },
      "devDependencies": {
        "@types/lodash-es": "^4.17.6"
      }
    },
    "../../node_modules/.pnpm/lodash-es@4.17.21/node_modules/lodash-es": {
      "version": "4.17.21",
      "license": "MIT"
    },
    "node_modules/@types/lodash": {
      "version": "4.14.185",
      "resolved": "https://registry.npmjs.org/@types/lodash/-/lodash-4.14.185.tgz",
      "integrity": "sha512-evMDG1bC4rgQg4ku9tKpuMh5iBNEwNa3tf9zRHdP1qlv+1WUg44xat4IxCE14gIpZRGUUWAx2VhItCZc25NfMA==",
      "dev": true
    },
    "node_modules/@types/lodash-es": {
      "version": "4.17.6",
      "resolved": "https://registry.npmjs.org/@types/lodash-es/-/lodash-es-4.17.6.tgz",
      "integrity": "sha512-R+zTeVUKDdfoRxpAryaQNRKk3105Rrgx2CFRClIgRGaqDTdjsm8h6IYA8ir584W3ePzkZfst5xIgDwYrlh9HLg==",
      "dev": true,
      "dependencies": {
        "@types/lodash": "*"
      }
    },
    "node_modules/lodash-es": {
      "resolved": "../../node_modules/.pnpm/lodash-es@4.17.21/node_modules/lodash-es",
      "link": true
    }
  },
  "dependencies": {
    "@types/lodash": {
      "version": "4.14.185",
      "resolved": "https://registry.npmjs.org/@types/lodash/-/lodash-4.14.185.tgz",
      "integrity": "sha512-evMDG1bC4rgQg4ku9tKpuMh5iBNEwNa3tf9zRHdP1qlv+1WUg44xat4IxCE14gIpZRGUUWAx2VhItCZc25NfMA==",
      "dev": true
    },
    "@types/lodash-es": {
      "version": "4.17.6",
      "resolved": "https://registry.npmjs.org/@types/lodash-es/-/lodash-es-4.17.6.tgz",
      "integrity": "sha512-R+zTeVUKDdfoRxpAryaQNRKk3105Rrgx2CFRClIgRGaqDTdjsm8h6IYA8ir584W3ePzkZfst5xIgDwYrlh9HLg==",
      "dev": true,
      "requires": {
        "@types/lodash": "*"
      }
    },
    "lodash-es": {
      "version": "file:../../node_modules/.pnpm/lodash-es@4.17.21/node_modules/lodash-es"
    }
  }
}
